
Microsoft Visual Studio Solution File, Format Version 12.00
# Visual Studio Version 17
VisualStudioVersion = 17.10.35013.160
MinimumVisualStudioVersion = 10.0.40219.1
Project("{FAE04EC0-301F-11D3-BF4B-00C04F79EFBC}") = "BookInventoryApi", "BookInventoryApi\BookInventoryApi.csproj", "{E8B1A19B-D1D5-42D2-853F-10FAB4B1BEBA}"
EndProject
Global
	GlobalSection(SolutionConfigurationPlatforms) = preSolution
		Debug|Any CPU = Debug|Any CPU
		Release|Any CPU = Release|Any CPU
	EndGlobalSection
	GlobalSection(ProjectConfigurationPlatforms) = postSolution
		{E8B1A19B-D1D5-42D2-853F-10FAB4B1BEBA}.Debug|Any CPU.ActiveCfg = Debug|Any CPU
		{E8B1A19B-D1D5-42D2-853F-10FAB4B1BEBA}.Debug|Any CPU.Build.0 = Debug|Any CPU
		{E8B1A19B-D1D5-42D2-853F-10FAB4B1BEBA}.Release|Any CPU.ActiveCfg = Release|Any CPU
		{E8B1A19B-D1D5-42D2-853F-10FAB4B1BEBA}.Release|Any CPU.Build.0 = Release|Any CPU
	EndGlobalSection
	GlobalSection(SolutionProperties) = preSolution
		HideSolutionNode = FALSE
	EndGlobalSection
	GlobalSection(ExtensibilityGlobals) = postSolution
		SolutionGuid = {73D6CBF9-60A7-43D7-948B-712E93FCC7A7}
	EndGlobalSection
EndGlobal
